
Microsoft Visual Studio Solution File, Format Version 12.00
# Visual Studio 14
VisualStudioVersion = 14.0.23107.0
MinimumVisualStudioVersion = 10.0.40219.1
Project("{FAE04EC0-301F-11D3-BF4B-00C04F79EFBC}") = "api1101", "api1101\api1101.csproj", "{FE47CBCB-7CC0-4DE1-A897-22B8A4F85233}"
EndProject
Global
	GlobalSection(SolutionConfigurationPlatforms) = preSolution
		Debug|Any CPU = Debug|Any CPU
		Release|Any CPU = Release|Any CPU
	EndGlobalSection
	GlobalSection(ProjectConfigurationPlatforms) = postSolution
		{FE47CBCB-7CC0-4DE1-A897-22B8A4F85233}.Debug|Any CPU.ActiveCfg = Debug|Any CPU
		{FE47CBCB-7CC0-4DE1-A897-22B8A4F85233}.Debug|Any CPU.Build.0 = Debug|Any CPU
		{FE47CBCB-7CC0-4DE1-A897-22B8A4F85233}.Release|Any CPU.ActiveCfg = Release|Any CPU
		{FE47CBCB-7CC0-4DE1-A897-22B8A4F85233}.Release|Any CPU.Build.0 = Release|Any CPU
	EndGlobalSection
	GlobalSection(SolutionProperties) = preSolution
		HideSolutionNode = FALSE
	EndGlobalSection
EndGlobal
